
Microsoft Visual Studio Solution File, Format Version 12.00
# Visual Studio Version 17
VisualStudioVersion = 17.3.32929.385
MinimumVisualStudioVersion = 10.0.40219.1
Project("{FAE04EC0-301F-11D3-BF4B-00C04F79EFBC}") = "S_sharp_String_and_Enum_22-10-2022", "S_sharp_String_and_Enum_22-10-2022.csproj", "{0FD3DEFF-5218-4408-AB22-DD4813FD8907}"
EndProject
Global
	GlobalSection(SolutionConfigurationPlatforms) = preSolution
		Debug|Any CPU = Debug|Any CPU
		Release|Any CPU = Release|Any CPU
	EndGlobalSection
	GlobalSection(ProjectConfigurationPlatforms) = postSolution
		{0FD3DEFF-5218-4408-AB22-DD4813FD8907}.Debug|Any CPU.ActiveCfg = Debug|Any CPU
		{0FD3DEFF-5218-4408-AB22-DD4813FD8907}.Debug|Any CPU.Build.0 = Debug|Any CPU
		{0FD3DEFF-5218-4408-AB22-DD4813FD8907}.Release|Any CPU.ActiveCfg = Release|Any CPU
		{0FD3DEFF-5218-4408-AB22-DD4813FD8907}.Release|Any CPU.Build.0 = Release|Any CPU
	EndGlobalSection
	GlobalSection(SolutionProperties) = preSolution
		HideSolutionNode = FALSE
	EndGlobalSection
	GlobalSection(ExtensibilityGlobals) = postSolution
		SolutionGuid = {D54CFD71-4E3B-4133-9AD5-94906F15DBD1}
	EndGlobalSection
EndGlobal
